
Microsoft Visual Studio Solution File, Format Version 12.00
# Visual Studio Version 16
VisualStudioVersion = 16.0.29503.13
MinimumVisualStudioVersion = 10.0.40219.1
Project("{9A19103F-16F7-4668-BE54-9A1E7A4F7556}") = "Vit.Ioc", "Vit.Ioc\Vit.Ioc.csproj", "{E23B88EC-DF11-4839-B630-6D82F69678D4}"
EndProject
Project("{9A19103F-16F7-4668-BE54-9A1E7A4F7556}") = "Vit.Ioc.MsTest", "Demo\Vit.Ioc.MsTest\Vit.Ioc.MsTest.csproj", "{10BC5E29-2243-4826-BB03-741F52DABBC6}"
EndProject
Project("{2150E333-8FDC-42A3-9474-1A3956D46DE8}") = "Demo", "Demo", "{953881AD-0523-4E53-9988-0F65E5FFA016}"
EndProject
Project("{9A19103F-16F7-4668-BE54-9A1E7A4F7556}") = "Vit.Ioc.Demo.Ori", "Demo\Vit.Ioc.Demo.Ori\Vit.Ioc.Demo.Ori.csproj", "{735B8CF0-AFB2-4787-B435-9C61FC2E2599}"
EndProject
Project("{9A19103F-16F7-4668-BE54-9A1E7A4F7556}") = "Vit.Ioc.Demo", "Demo\Vit.Ioc.Demo\Vit.Ioc.Demo.csproj", "{0FAE4381-469C-493B-89DC-131C447472F0}"
EndProject
Global
	GlobalSection(SolutionConfigurationPlatforms) = preSolution
		Debug|Any CPU = Debug|Any CPU
		Release|Any CPU = Release|Any CPU
	EndGlobalSection
	GlobalSection(ProjectConfigurationPlatforms) = postSolution
		{E23B88EC-DF11-4839-B630-6D82F69678D4}.Debug|Any CPU.ActiveCfg = Debug|Any CPU
		{E23B88EC-DF11-4839-B630-6D82F69678D4}.Debug|Any CPU.Build.0 = Debug|Any CPU
		{E23B88EC-DF11-4839-B630-6D82F69678D4}.Release|Any CPU.ActiveCfg = Release|Any CPU
		{E23B88EC-DF11-4839-B630-6D82F69678D4}.Release|Any CPU.Build.0 = Release|Any CPU
		{10BC5E29-2243-4826-BB03-741F52DABBC6}.Debug|Any CPU.ActiveCfg = Debug|Any CPU
		{10BC5E29-2243-4826-BB03-741F52DABBC6}.Debug|Any CPU.Build.0 = Debug|Any CPU
		{10BC5E29-2243-4826-BB03-741F52DABBC6}.Release|Any CPU.ActiveCfg = Release|Any CPU
		{10BC5E29-2243-4826-BB03-741F52DABBC6}.Release|Any CPU.Build.0 = Release|Any CPU
		{735B8CF0-AFB2-4787-B435-9C61FC2E2599}.Debug|Any CPU.ActiveCfg = Debug|Any CPU
		{735B8CF0-AFB2-4787-B435-9C61FC2E2599}.Debug|Any CPU.Build.0 = Debug|Any CPU
		{735B8CF0-AFB2-4787-B435-9C61FC2E2599}.Release|Any CPU.ActiveCfg = Release|Any CPU
		{735B8CF0-AFB2-4787-B435-9C61FC2E2599}.Release|Any CPU.Build.0 = Release|Any CPU
		{0FAE4381-469C-493B-89DC-131C447472F0}.Debug|Any CPU.ActiveCfg = Debug|Any CPU
		{0FAE4381-469C-493B-89DC-131C447472F0}.Debug|Any CPU.Build.0 = Debug|Any CPU
		{0FAE4381-469C-493B-89DC-131C447472F0}.Release|Any CPU.ActiveCfg = Release|Any CPU
		{0FAE4381-469C-493B-89DC-131C447472F0}.Release|Any CPU.Build.0 = Release|Any CPU
	EndGlobalSection
	GlobalSection(SolutionProperties) = preSolution
		HideSolutionNode = FALSE
	EndGlobalSection
	GlobalSection(NestedProjects) = preSolution
		{10BC5E29-2243-4826-BB03-741F52DABBC6} = {953881AD-0523-4E53-9988-0F65E5FFA016}
		{735B8CF0-AFB2-4787-B435-9C61FC2E2599} = {953881AD-0523-4E53-9988-0F65E5FFA016}
		{0FAE4381-469C-493B-89DC-131C447472F0} = {953881AD-0523-4E53-9988-0F65E5FFA016}
	EndGlobalSection
	GlobalSection(ExtensibilityGlobals) = postSolution
		SolutionGuid = {C7DA16E3-9949-49FA-B0B4-F830636DE60F}
	EndGlobalSection
EndGlobal
